
Microsoft Visual Studio Solution File, Format Version 12.00
# Visual Studio Version 17
VisualStudioVersion = 17.6.33723.286
MinimumVisualStudioVersion = 10.0.40219.1
Project("{FAE04EC0-301F-11D3-BF4B-00C04F79EFBC}") = "carrito-web", "carrito-web\carrito-web.csproj", "{1D25A150-A44B-4A9E-AB36-1F115812CFE7}"
EndProject
Project("{FAE04EC0-301F-11D3-BF4B-00C04F79EFBC}") = "dominio", "dominio\dominio.csproj", "{8A65EE93-248D-4302-8725-CFCD0C271C4F}"
EndProject
Project("{FAE04EC0-301F-11D3-BF4B-00C04F79EFBC}") = "negocio", "negocio\negocio.csproj", "{DE8D0493-135B-4E51-9187-40677BE5D2AD}"
EndProject
Global
	GlobalSection(SolutionConfigurationPlatforms) = preSolution
		Debug|Any CPU = Debug|Any CPU
		Release|Any CPU = Release|Any CPU
	EndGlobalSection
	GlobalSection(ProjectConfigurationPlatforms) = postSolution
		{1D25A150-A44B-4A9E-AB36-1F115812CFE7}.Debug|Any CPU.ActiveCfg = Debug|Any CPU
		{1D25A150-A44B-4A9E-AB36-1F115812CFE7}.Debug|Any CPU.Build.0 = Debug|Any CPU
		{1D25A150-A44B-4A9E-AB36-1F115812CFE7}.Release|Any CPU.ActiveCfg = Release|Any CPU
		{1D25A150-A44B-4A9E-AB36-1F115812CFE7}.Release|Any CPU.Build.0 = Release|Any CPU
		{8A65EE93-248D-4302-8725-CFCD0C271C4F}.Debug|Any CPU.ActiveCfg = Debug|Any CPU
		{8A65EE93-248D-4302-8725-CFCD0C271C4F}.Debug|Any CPU.Build.0 = Debug|Any CPU
		{8A65EE93-248D-4302-8725-CFCD0C271C4F}.Release|Any CPU.ActiveCfg = Release|Any CPU
		{8A65EE93-248D-4302-8725-CFCD0C271C4F}.Release|Any CPU.Build.0 = Release|Any CPU
		{DE8D0493-135B-4E51-9187-40677BE5D2AD}.Debug|Any CPU.ActiveCfg = Debug|Any CPU
		{DE8D0493-135B-4E51-9187-40677BE5D2AD}.Debug|Any CPU.Build.0 = Debug|Any CPU
		{DE8D0493-135B-4E51-9187-40677BE5D2AD}.Release|Any CPU.ActiveCfg = Release|Any CPU
		{DE8D0493-135B-4E51-9187-40677BE5D2AD}.Release|Any CPU.Build.0 = Release|Any CPU
	EndGlobalSection
	GlobalSection(SolutionProperties) = preSolution
		HideSolutionNode = FALSE
	EndGlobalSection
	GlobalSection(ExtensibilityGlobals) = postSolution
		SolutionGuid = {BF5E7C71-786E-4BD2-A8EE-44075AFAC6D5}
	EndGlobalSection
EndGlobal
